
Microsoft Visual Studio Solution File, Format Version 12.00
# Visual Studio Version 17
VisualStudioVersion = 17.9.34728.123
MinimumVisualStudioVersion = 10.0.40219.1
Project("{2150E333-8FDC-42A3-9474-1A3956D46DE8}") = "Elementos de la solución", "Elementos de la solución", "{7109CFA2-1040-47F0-9433-04C437C65D79}"
	ProjectSection(SolutionItems) = preProject
		index.html = index.html
	EndProjectSection
EndProject
Project("{2150E333-8FDC-42A3-9474-1A3956D46DE8}") = "css", "css", "{6109E1F0-C9F3-4B68-A64C-BB2BE969F207}"
EndProject
Project("{2150E333-8FDC-42A3-9474-1A3956D46DE8}") = "scripts", "scripts", "{B2387B69-6605-44E5-9455-A40DFFCB7EB8}"
	ProjectSection(SolutionItems) = preProject
		app.js = app.js
	EndProjectSection
EndProject
Project("{2150E333-8FDC-42A3-9474-1A3956D46DE8}") = "models", "models", "{33F9115C-A049-427D-98D3-95795EC4864A}"
	ProjectSection(SolutionItems) = preProject
		Game.js = Game.js
		Player.js = Player.js
	EndProjectSection
EndProject
Project("{2150E333-8FDC-42A3-9474-1A3956D46DE8}") = "BDD", "BDD", "{DEA8263C-557B-4FEF-9DDF-7934E15CE447}"
	ProjectSection(SolutionItems) = preProject
		Firebase.js = Firebase.js
		FirebaseConfig.js = FirebaseConfig.js
	EndProjectSection
EndProject
Global
	GlobalSection(SolutionProperties) = preSolution
		HideSolutionNode = FALSE
	EndGlobalSection
	GlobalSection(NestedProjects) = preSolution
		{6109E1F0-C9F3-4B68-A64C-BB2BE969F207} = {7109CFA2-1040-47F0-9433-04C437C65D79}
		{B2387B69-6605-44E5-9455-A40DFFCB7EB8} = {7109CFA2-1040-47F0-9433-04C437C65D79}
		{33F9115C-A049-427D-98D3-95795EC4864A} = {7109CFA2-1040-47F0-9433-04C437C65D79}
		{DEA8263C-557B-4FEF-9DDF-7934E15CE447} = {7109CFA2-1040-47F0-9433-04C437C65D79}
	EndGlobalSection
	GlobalSection(ExtensibilityGlobals) = postSolution
		SolutionGuid = {1106596C-F4FD-4B80-B858-ADEF525565DD}
	EndGlobalSection
EndGlobal
